Microsoft Visual Studio Solution File, Format Version 12.00
# Visual Studio Version 17
VisualStudioVersion = 17.5.2.0
MinimumVisualStudioVersion = 10.0.40219.1
Project("{FAE04EC0-301F-11D3-BF4B-00C04F79EFBC}") = "PDF_Report_Downloader", "PDF_Report_Downloader.csproj", "{A601F81E-BB3C-FDB3-2177-8377FB805644}"
EndProject
Global
	GlobalSection(SolutionConfigurationPlatforms) = preSolution
		Debug|Any CPU = Debug|Any CPU
		Release|Any CPU = Release|Any CPU
	EndGlobalSection
	GlobalSection(ProjectConfigurationPlatforms) = postSolution
		{A601F81E-BB3C-FDB3-2177-8377FB805644}.Debug|Any CPU.ActiveCfg = Debug|Any CPU
		{A601F81E-BB3C-FDB3-2177-8377FB805644}.Debug|Any CPU.Build.0 = Debug|Any CPU
		{A601F81E-BB3C-FDB3-2177-8377FB805644}.Release|Any CPU.ActiveCfg = Release|Any CPU
		{A601F81E-BB3C-FDB3-2177-8377FB805644}.Release|Any CPU.Build.0 = Release|Any CPU
	EndGlobalSection
	GlobalSection(SolutionProperties) = preSolution
		HideSolutionNode = FALSE
	EndGlobalSection
	GlobalSection(ExtensibilityGlobals) = postSolution
		SolutionGuid = {A2930BB8-B0A8-4735-92B0-3B2FB0E8814E}
	EndGlobalSection
EndGlobal
